// !$*UTF8*$!
{
	archiveVersion = 1;
	classes = {
	};
	objectVersion = 51;
	objects = {

/* Begin PBXBuildFile section */
		4B77DBB0251ECCC600D60488 /* GoogleService-Info.plist in Resources */ = {isa = PBXBuildFile; fileRef = 4B77DBAF251ECCC600D60488 /* GoogleService-Info.plist */; };
		4B865262251C294C00F2B4CA /* AppDelegate.swift in Sources */ = {isa = PBXBuildFile; fileRef = 4B865261251C294C00F2B4CA /* AppDelegate.swift */; };
		4B865264251C294C00F2B4CA /* SceneDelegate.swift in Sources */ = {isa = PBXBuildFile; fileRef = 4B865263251C294C00F2B4CA /* SceneDelegate.swift */; };
		4B865266251C294C00F2B4CA /* LogInViewController.swift in Sources */ = {isa = PBXBuildFile; fileRef = 4B865265251C294C00F2B4CA /* LogInViewController.swift */; };
		4B865269251C294C00F2B4CA /* Main.storyboard in Resources */ = {isa = PBXBuildFile; fileRef = 4B865267251C294C00F2B4CA /* Main.storyboard */; };
		4B86526B251C294F00F2B4CA /* Assets.xcassets in Resources */ = {isa = PBXBuildFile; fileRef = 4B86526A251C294F00F2B4CA /* Assets.xcassets */; };
		4B86526E251C294F00F2B4CA /* LaunchScreen.storyboard in Resources */ = {isa = PBXBuildFile; fileRef = 4B86526C251C294F00F2B4CA /* LaunchScreen.storyboard */; };
		4BA68D0E2521EE77004390FF /* UserProfile.swift in Sources */ = {isa = PBXBuildFile; fileRef = 4BA68D0D2521EE77004390FF /* UserProfile.swift */; };
		4BA68D1D252477EC004390FF /* RecommendedItem.swift in Sources */ = {isa = PBXBuildFile; fileRef = 4BA68D1C252477EC004390FF /* RecommendedItem.swift */; };
		4BA68D242524783F004390FF /* RecommendedItemCell.swift in Sources */ = {isa = PBXBuildFile; fileRef = 4BA68D232524783F004390FF /* RecommendedItemCell.swift */; };
		4BC0017B251ED24400F198BE /* HomeViewController.swift in Sources */ = {isa = PBXBuildFile; fileRef = 4BC0017A251ED24400F198BE /* HomeViewController.swift */; };
		4BCF3F0425218A3C00C7CED6 /* tabBarViewController.swift in Sources */ = {isa = PBXBuildFile; fileRef = 4BCF3F0325218A3C00C7CED6 /* tabBarViewController.swift */; };
		4BD52276251CCB2500CA39E2 /* Times.ttc in Resources */ = {isa = PBXBuildFile; fileRef = 4BD52275251CCB2500CA39E2 /* Times.ttc */; };
		4BD5227E251D75D500CA39E2 /* TextFieldWithPadding.swift in Sources */ = {isa = PBXBuildFile; fileRef = 4BD5227D251D75D500CA39E2 /* TextFieldWithPadding.swift */; };
		6C9388D72C919B08C40B37DF /* Pods_ReciPlease.framework in Frameworks */ = {isa = PBXBuildFile; fileRef = 7A001B8739042DE17738730E /* Pods_ReciPlease.framework */; };
/* End PBXBuildFile section */

/* Begin PBXFileReference section */
		4B77DBAF251ECCC600D60488 /* GoogleService-Info.plist */ = {isa = PBXFileReference; fileEncoding = 4; lastKnownFileType = text.plist.xml; path = "GoogleService-Info.plist"; sourceTree = "<group>"; };
		4B86525E251C294C00F2B4CA /* ReciPlease.app */ = {isa = PBXFileReference; explicitFileType = wrapper.application; includeInIndex = 0; path = ReciPlease.app; sourceTree = BUILT_PRODUCTS_DIR; };
		4B865261251C294C00F2B4CA /* AppDelegate.swift */ = {isa = PBXFileReference; lastKnownFileType = sourcecode.swift; path = AppDelegate.swift; sourceTree = "<group>"; };
		4B865263251C294C00F2B4CA /* SceneDelegate.swift */ = {isa = PBXFileReference; lastKnownFileType = sourcecode.swift; path = SceneDelegate.swift; sourceTree = "<group>"; };
		4B865265251C294C00F2B4CA /* LogInViewController.swift */ = {isa = PBXFileReference; lastKnownFileType = sourcecode.swift; path = LogInViewController.swift; sourceTree = "<group>"; };
		4B865268251C294C00F2B4CA /* Base */ = {isa = PBXFileReference; lastKnownFileType = file.storyboard; name = Base; path = Base.lproj/Main.storyboard; sourceTree = "<group>"; };
		4B86526A251C294F00F2B4CA /* Assets.xcassets */ = {isa = PBXFileReference; lastKnownFileType = folder.assetcatalog; path = Assets.xcassets; sourceTree = "<group>"; };
		4B86526D251C294F00F2B4CA /* Base */ = {isa = PBXFileReference; lastKnownFileType = file.storyboard; name = Base; path = Base.lproj/LaunchScreen.storyboard; sourceTree = "<group>"; };
		4B86526F251C294F00F2B4CA /* Info.plist */ = {isa = PBXFileReference; lastKnownFileType = text.plist.xml; path = Info.plist; sourceTree = "<group>"; };
		4BA68D0D2521EE77004390FF /* UserProfile.swift */ = {isa = PBXFileReference; lastKnownFileType = sourcecode.swift; path = UserProfile.swift; sourceTree = "<group>"; };
		4BA68D1C252477EC004390FF /* RecommendedItem.swift */ = {isa = PBXFileReference; lastKnownFileType = sourcecode.swift; path = RecommendedItem.swift; sourceTree = "<group>"; };
		4BA68D232524783F004390FF /* RecommendedItemCell.swift */ = {isa = PBXFileReference; lastKnownFileType = sourcecode.swift; path = RecommendedItemCell.swift; sourceTree = "<group>"; };
		4BC0017A251ED24400F198BE /* HomeViewController.swift */ = {isa = PBXFileReference; lastKnownFileType = sourcecode.swift; path = HomeViewController.swift; sourceTree = "<group>"; };
		4BCF3F0325218A3C00C7CED6 /* tabBarViewController.swift */ = {isa = PBXFileReference; lastKnownFileType = sourcecode.swift; path = tabBarViewController.swift; sourceTree = "<group>"; };
		4BD52275251CCB2500CA39E2 /* Times.ttc */ = {isa = PBXFileReference; lastKnownFileType = file; path = Times.ttc; sourceTree = "<group>"; };
		4BD5227D251D75D500CA39E2 /* TextFieldWithPadding.swift */ = {isa = PBXFileReference; lastKnownFileType = sourcecode.swift; path = TextFieldWithPadding.swift; sourceTree = "<group>"; };
		7A001B8739042DE17738730E /* Pods_ReciPlease.framework */ = {isa = PBXFileReference; explicitFileType = wrapper.framework; includeInIndex = 0; path = Pods_ReciPlease.framework; sourceTree = BUILT_PRODUCTS_DIR; };
		89420004C8A4788CBA4DDE95 /* Pods-ReciPlease.release.xcconfig */ = {isa = PBXFileReference; includeInIndex = 1; lastKnownFileType = text.xcconfig; name = "Pods-ReciPlease.release.xcconfig"; path = "Target Support Files/Pods-ReciPlease/Pods-ReciPlease.release.xcconfig"; sourceTree = "<group>"; };
		A592CF8B0266D6E3D401C3B3 /* Pods-ReciPlease.debug.xcconfig */ = {isa = PBXFileReference; includeInIndex = 1; lastKnownFileType = text.xcconfig; name = "Pods-ReciPlease.debug.xcconfig"; path = "Target Support Files/Pods-ReciPlease/Pods-ReciPlease.debug.xcconfig"; sourceTree = "<group>"; };
/* End PBXFileReference section */

/* Begin PBXFrameworksBuildPhase section */
		4B86525B251C294C00F2B4CA /* Frameworks */ = {
			isa = PBXFrameworksBuildPhase;
			buildActionMask = 2147483647;
			files = (
				6C9388D72C919B08C40B37DF /* Pods_ReciPlease.framework in Frameworks */,
			);
			runOnlyForDeploymentPostprocessing = 0;
		};
/* End PBXFrameworksBuildPhase section */

/* Begin PBXGroup section */
		17A7F3DCC331A07972C6BCF2 /* Pods */ = {
			isa = PBXGroup;
			children = (
				A592CF8B0266D6E3D401C3B3 /* Pods-ReciPlease.debug.xcconfig */,
				89420004C8A4788CBA4DDE95 /* Pods-ReciPlease.release.xcconfig */,
			);
			path = Pods;
			sourceTree = "<group>";
		};
		4B865255251C294C00F2B4CA = {
			isa = PBXGroup;
			children = (
				4B865260251C294C00F2B4CA /* ReciPlease */,
				4B86525F251C294C00F2B4CA /* Products */,
				17A7F3DCC331A07972C6BCF2 /* Pods */,
				A12CDA9C19CE479CB751548B /* Frameworks */,
			);
			sourceTree = "<group>";
		};
		4B86525F251C294C00F2B4CA /* Products */ = {
			isa = PBXGroup;
			children = (
				4B86525E251C294C00F2B4CA /* ReciPlease.app */,
			);
			name = Products;
			sourceTree = "<group>";
		};
		4B865260251C294C00F2B4CA /* ReciPlease */ = {
			isa = PBXGroup;
			children = (
				4B865261251C294C00F2B4CA /* AppDelegate.swift */,
				4B865263251C294C00F2B4CA /* SceneDelegate.swift */,
				4BA68D102521EE86004390FF /* Model */,
				4BD5227B251D75A500CA39E2 /* Views */,
				4BD52279251CD7BD00CA39E2 /* Controllers */,
				4B86526A251C294F00F2B4CA /* Assets.xcassets */,
				4B86526C251C294F00F2B4CA /* LaunchScreen.storyboard */,
				4B86526F251C294F00F2B4CA /* Info.plist */,
				4B77DBAF251ECCC600D60488 /* GoogleService-Info.plist */,
				4BD5226A251CC84E00CA39E2 /* fonts */,
			);
			path = ReciPlease;
			sourceTree = "<group>";
		};
		4BA68D102521EE86004390FF /* Model */ = {
			isa = PBXGroup;
			children = (
				4BA68D0D2521EE77004390FF /* UserProfile.swift */,
				4BA68D1C252477EC004390FF /* RecommendedItem.swift */,
			);
			path = Model;
			sourceTree = "<group>";
		};
		4BD5226A251CC84E00CA39E2 /* fonts */ = {
			isa = PBXGroup;
			children = (
				4BD52275251CCB2500CA39E2 /* Times.ttc */,
			);
			path = fonts;
			sourceTree = "<group>";
		};
		4BD52279251CD7BD00CA39E2 /* Controllers */ = {
			isa = PBXGroup;
			children = (
				4B865265251C294C00F2B4CA /* LogInViewController.swift */,
				4BC0017A251ED24400F198BE /* HomeViewController.swift */,
				4BCF3F0325218A3C00C7CED6 /* tabBarViewController.swift */,
			);
			path = Controllers;
			sourceTree = "<group>";
		};
		4BD5227B251D75A500CA39E2 /* Views */ = {
			isa = PBXGroup;
			children = (
				4B865267251C294C00F2B4CA /* Main.storyboard */,
				4BD5227D251D75D500CA39E2 /* TextFieldWithPadding.swift */,
				4BA68D232524783F004390FF /* RecommendedItemCell.swift */,
			);
			path = Views;
			sourceTree = "<group>";
		};
		A12CDA9C19CE479CB751548B /* Frameworks */ = {
			isa = PBXGroup;
			children = (
				7A001B8739042DE17738730E /* Pods_ReciPlease.framework */,
			);
			name = Frameworks;
			sourceTree = "<group>";
		};
/* End PBXGroup section */

/* Begin PBXNativeTarget section */
		4B86525D251C294C00F2B4CA /* ReciPlease */ = {
			isa = PBXNativeTarget;
			buildConfigurationList = 4B865272251C294F00F2B4CA /* Build configuration list for PBXNativeTarget "ReciPlease" */;
			buildPhases = (
				BCB7013A44025FCB94D6A9F0 /* [CP] Check Pods Manifest.lock */,
				4B86525A251C294C00F2B4CA /* Sources */,
				4B86525B251C294C00F2B4CA /* Frameworks */,
				4B86525C251C294C00F2B4CA /* Resources */,
				A2CC8ACCD50143E4B86EEB20 /* [CP] Embed Pods Frameworks */,
			);
			buildRules = (
			);
			dependencies = (
			);
			name = ReciPlease;
			productName = ReciPlease;
			productReference = 4B86525E251C294C00F2B4CA /* ReciPlease.app */;
			productType = "com.apple.product-type.application";
		};
/* End PBXNativeTarget section */

/* Begin PBXProject section */
		4B865256251C294C00F2B4CA /* Project object */ = {
			isa = PBXProject;
			attributes = {
				LastSwiftUpdateCheck = 1200;
				LastUpgradeCheck = 1200;
				TargetAttributes = {
					4B86525D251C294C00F2B4CA = {
						CreatedOnToolsVersion = 12.0;
					};
				};
			};
			buildConfigurationList = 4B865259251C294C00F2B4CA /* Build configuration list for PBXProject "ReciPlease" */;
			compatibilityVersion = "Xcode 9.3";
			developmentRegion = en;
			hasScannedForEncodings = 0;
			knownRegions = (
				en,
				Base,
			);
			mainGroup = 4B865255251C294C00F2B4CA;
			productRefGroup = 4B86525F251C294C00F2B4CA /* Products */;
			projectDirPath = "";
			projectRoot = "";
			targets = (
				4B86525D251C294C00F2B4CA /* ReciPlease */,
			);
		};
/* End PBXProject section */

/* Begin PBXResourcesBuildPhase section */
		4B86525C251C294C00F2B4CA /* Resources */ = {
			isa = PBXResourcesBuildPhase;
			buildActionMask = 2147483647;
			files = (
				4BD52276251CCB2500CA39E2 /* Times.ttc in Resources */,
				4B86526E251C294F00F2B4CA /* LaunchScreen.storyboard in Resources */,
				4B77DBB0251ECCC600D60488 /* GoogleService-Info.plist in Resources */,
				4B86526B251C294F00F2B4CA /* Assets.xcassets in Resources */,
				4B865269251C294C00F2B4CA /* Main.storyboard in Resources */,
			);
			runOnlyForDeploymentPostprocessing = 0;
		};
/* End PBXResourcesBuildPhase section */

/* Begin PBXShellScriptBuildPhase section */
		A2CC8ACCD50143E4B86EEB20 /* [CP] Embed Pods Frameworks */ = {
			isa = PBXShellScriptBuildPhase;
			buildActionMask = 2147483647;
			files = (
			);
			inputFileListPaths = (
				"${PODS_ROOT}/Target Support Files/Pods-ReciPlease/Pods-ReciPlease-frameworks-${CONFIGURATION}-input-files.xcfilelist",
			);
			name = "[CP] Embed Pods Frameworks";
			outputFileListPaths = (
				"${PODS_ROOT}/Target Support Files/Pods-ReciPlease/Pods-ReciPlease-frameworks-${CONFIGURATION}-output-files.xcfilelist",
			);
			runOnlyForDeploymentPostprocessing = 0;
			shellPath = /bin/sh;
			shellScript = "\"${PODS_ROOT}/Target Support Files/Pods-ReciPlease/Pods-ReciPlease-frameworks.sh\"\n";
			showEnvVarsInLog = 0;
		};
		BCB7013A44025FCB94D6A9F0 /* [CP] Check Pods Manifest.lock */ = {
			isa = PBXShellScriptBuildPhase;
			buildActionMask = 2147483647;
			files = (
			);
			inputFileListPaths = (
			);
			inputPaths = (
				"${PODS_PODFILE_DIR_PATH}/Podfile.lock",
				"${PODS_ROOT}/Manifest.lock",
			);
			name = "[CP] Check Pods Manifest.lock";
			outputFileListPaths = (
			);
			outputPaths = (
				"$(DERIVED_FILE_DIR)/Pods-ReciPlease-checkManifestLockResult.txt",
			);
			runOnlyForDeploymentPostprocessing = 0;
			shellPath = /bin/sh;
			shellScript = "diff \"${PODS_PODFILE_DIR_PATH}/Podfile.lock\" \"${PODS_ROOT}/Manifest.lock\" > /dev/null\nif [ $? != 0 ] ; then\n    # print error to STDERR\n    echo \"error: The sandbox is not in sync with the Podfile.lock. Run 'pod install' or update your CocoaPods installation.\" >&2\n    exit 1\nfi\n# This output is used by Xcode 'outputs' to avoid re-running this script phase.\necho \"SUCCESS\" > \"${SCRIPT_OUTPUT_FILE_0}\"\n";
			showEnvVarsInLog = 0;
		};
/* End PBXShellScriptBuildPhase section */

/* Begin PBXSourcesBuildPhase section */
		4B86525A251C294C00F2B4CA /* Sources */ = {
			isa = PBXSourcesBuildPhase;
			buildActionMask = 2147483647;
			files = (
				4BCF3F0425218A3C00C7CED6 /* tabBarViewController.swift in Sources */,
				4BC0017B251ED24400F198BE /* HomeViewController.swift in Sources */,
				4BA68D1D252477EC004390FF /* RecommendedItem.swift in Sources */,
				4BA68D0E2521EE77004390FF /* UserProfile.swift in Sources */,
				4B865266251C294C00F2B4CA /* LogInViewController.swift in Sources */,
				4BA68D242524783F004390FF /* RecommendedItemCell.swift in Sources */,
				4BD5227E251D75D500CA39E2 /* TextFieldWithPadding.swift in Sources */,
				4B865262251C294C00F2B4CA /* AppDelegate.swift in Sources */,
				4B865264251C294C00F2B4CA /* SceneDelegate.swift in Sources */,
			);
			runOnlyForDeploymentPostprocessing = 0;
		};
/* End PBXSourcesBuildPhase section */

/* Begin PBXVariantGroup section */
		4B865267251C294C00F2B4CA /* Main.storyboard */ = {
			isa = PBXVariantGroup;
			children = (
				4B865268251C294C00F2B4CA /* Base */,
			);
			name = Main.storyboard;
			sourceTree = "<group>";
		};
		4B86526C251C294F00F2B4CA /* LaunchScreen.storyboard */ = {
			isa = PBXVariantGroup;
			children = (
				4B86526D251C294F00F2B4CA /* Base */,
			);
			name = LaunchScreen.storyboard;
			sourceTree = "<group>";
		};
/* End PBXVariantGroup section */

/* Begin XCBuildConfiguration section */
		4B865270251C294F00F2B4CA /* Debug */ = {
			isa = XCBuildConfiguration;
			buildSettings = {
				ALWAYS_SEARCH_USER_PATHS = NO;
				CLANG_ANALYZER_NONNULL = YES;
				CLANG_ANALYZER_NUMBER_OBJECT_CONVERSION = YES_AGGRESSIVE;
				CLANG_CXX_LANGUAGE_STANDARD = "gnu++14";
				CLANG_CXX_LIBRARY = "libc++";
				CLANG_ENABLE_MODULES = YES;
				CLANG_ENABLE_OBJC_ARC = YES;
				CLANG_ENABLE_OBJC_WEAK = YES;
				CLANG_WARN_BLOCK_CAPTURE_AUTORELEASING = YES;
				CLANG_WARN_BOOL_CONVERSION = YES;
				CLANG_WARN_COMMA = YES;
				CLANG_WARN_CONSTANT_CONVERSION = YES;
				CLANG_WARN_DEPRECATED_OBJC_IMPLEMENTATIONS = YES;
				CLANG_WARN_DIRECT_OBJC_ISA_USAGE = YES_ERROR;
				CLANG_WARN_DOCUMENTATION_COMMENTS = YES;
				CLANG_WARN_EMPTY_BODY = YES;
				CLANG_WARN_ENUM_CONVERSION = YES;
				CLANG_WARN_INFINITE_RECURSION = YES;
				CLANG_WARN_INT_CONVERSION = YES;
				CLANG_WARN_NON_LITERAL_NULL_CONVERSION = YES;
				CLANG_WARN_OBJC_IMPLICIT_RETAIN_SELF = YES;
				CLANG_WARN_OBJC_LITERAL_CONVERSION = YES;
				CLANG_WARN_OBJC_ROOT_CLASS = YES_ERROR;
				CLANG_WARN_QUOTED_INCLUDE_IN_FRAMEWORK_HEADER = YES_ERROR;
				CLANG_WARN_RANGE_LOOP_ANALYSIS = YES;
				CLANG_WARN_STRICT_PROTOTYPES = YES;
				CLANG_WARN_SUSPICIOUS_MOVE = YES;
				CLANG_WARN_UNGUARDED_AVAILABILITY = YES_AGGRESSIVE;
				CLANG_WARN_UNREACHABLE_CODE = YES;
				CLANG_WARN__DUPLICATE_METHOD_MATCH = YES;
				COPY_PHASE_STRIP = NO;
				DEBUG_INFORMATION_FORMAT = dwarf;
				ENABLE_STRICT_OBJC_MSGSEND = YES;
				ENABLE_TESTABILITY = YES;
				GCC_C_LANGUAGE_STANDARD = gnu11;
				GCC_DYNAMIC_NO_PIC = NO;
				GCC_NO_COMMON_BLOCKS = YES;
				GCC_OPTIMIZATION_LEVEL = 0;
				GCC_PREPROCESSOR_DEFINITIONS = (
					"DEBUG=1",
					"$(inherited)",
				);
				GCC_WARN_64_TO_32_BIT_CONVERSION = YES;
				GCC_WARN_ABOUT_RETURN_TYPE = YES_ERROR;
				GCC_WARN_UNDECLARED_SELECTOR = YES;
				GCC_WARN_UNINITIALIZED_AUTOS = YES_AGGRESSIVE;
				GCC_WARN_UNUSED_FUNCTION = YES;
				GCC_WARN_UNUSED_VARIABLE = YES;
				IPHONEOS_DEPLOYMENT_TARGET = 13.0;
				MTL_ENABLE_DEBUG_INFO = INCLUDE_SOURCE;
				MTL_FAST_MATH = YES;
				ONLY_ACTIVE_ARCH = YES;
				SDKROOT = iphoneos;
				SWIFT_ACTIVE_COMPILATION_CONDITIONS = DEBUG;
				SWIFT_OPTIMIZATION_LEVEL = "-Onone";
			};
			name = Debug;
		};
		4B865271251C294F00F2B4CA /* Release */ = {
			isa = XCBuildConfiguration;
			buildSettings = {
				ALWAYS_SEARCH_USER_PATHS = NO;
				CLANG_ANALYZER_NONNULL = YES;
				CLANG_ANALYZER_NUMBER_OBJECT_CONVERSION = YES_AGGRESSIVE;
				CLANG_CXX_LANGUAGE_STANDARD = "gnu++14";
				CLANG_CXX_LIBRARY = "libc++";
				CLANG_ENABLE_MODULES = YES;
				CLANG_ENABLE_OBJC_ARC = YES;
				CLANG_ENABLE_OBJC_WEAK = YES;
				CLANG_WARN_BLOCK_CAPTURE_AUTORELEASING = YES;
				CLANG_WARN_BOOL_CONVERSION = YES;
				CLANG_WARN_COMMA = YES;
				CLANG_WARN_CONSTANT_CONVERSION = YES;
				CLANG_WARN_DEPRECATED_OBJC_IMPLEMENTATIONS = YES;
				CLANG_WARN_DIRECT_OBJC_ISA_USAGE = YES_ERROR;
				CLANG_WARN_DOCUMENTATION_COMMENTS = YES;
				CLANG_WARN_EMPTY_BODY = YES;
				CLANG_WARN_ENUM_CONVERSION = YES;
				CLANG_WARN_INFINITE_RECURSION = YES;
				CLANG_WARN_INT_CONVERSION = YES;
				CLANG_WARN_NON_LITERAL_NULL_CONVERSION = YES;
				CLANG_WARN_OBJC_IMPLICIT_RETAIN_SELF = YES;
				CLANG_WARN_OBJC_LITERAL_CONVERSION = YES;
				CLANG_WARN_OBJC_ROOT_CLASS = YES_ERROR;
				CLANG_WARN_QUOTED_INCLUDE_IN_FRAMEWORK_HEADER = YES_ERROR;
				CLANG_WARN_RANGE_LOOP_ANALYSIS = YES;
				CLANG_WARN_STRICT_PROTOTYPES = YES;
				CLANG_WARN_SUSPICIOUS_MOVE = YES;
				CLANG_WARN_UNGUARDED_AVAILABILITY = YES_AGGRESSIVE;
				CLANG_WARN_UNREACHABLE_CODE = YES;
				CLANG_WARN__DUPLICATE_METHOD_MATCH = YES;
				COPY_PHASE_STRIP = NO;
				DEBUG_INFORMATION_FORMAT = "dwarf-with-dsym";
				ENABLE_NS_ASSERTIONS = NO;
				ENABLE_STRICT_OBJC_MSGSEND = YES;
				GCC_C_LANGUAGE_STANDARD = gnu11;
				GCC_NO_COMMON_BLOCKS = YES;
				GCC_WARN_64_TO_32_BIT_CONVERSION = YES;
				GCC_WARN_ABOUT_RETURN_TYPE = YES_ERROR;
				GCC_WARN_UNDECLARED_SELECTOR = YES;
				GCC_WARN_UNINITIALIZED_AUTOS = YES_AGGRESSIVE;
				GCC_WARN_UNUSED_FUNCTION = YES;
				GCC_WARN_UNUSED_VARIABLE = YES;
				IPHONEOS_DEPLOYMENT_TARGET = 13.0;
				MTL_ENABLE_DEBUG_INFO = NO;
				MTL_FAST_MATH = YES;
				SDKROOT = iphoneos;
				SWIFT_COMPILATION_MODE = wholemodule;
				SWIFT_OPTIMIZATION_LEVEL = "-O";
				VALIDATE_PRODUCT = YES;
			};
			name = Release;
		};
		4B865273251C294F00F2B4CA /* Debug */ = {
			isa = XCBuildConfiguration;
			baseConfigurationReference = A592CF8B0266D6E3D401C3B3 /* Pods-ReciPlease.debug.xcconfig */;
			buildSettings = {
				ASSETCATALOG_COMPILER_APPICON_NAME = AppIcon;
				ASSETCATALOG_COMPILER_GLOBAL_ACCENT_COLOR_NAME = AccentColor;
				CODE_SIGN_STYLE = Automatic;
				DEVELOPMENT_TEAM = 5T84VHY5G4;
				INFOPLIST_FILE = ReciPlease/Info.plist;
				IPHONEOS_DEPLOYMENT_TARGET = 13.0;
				LD_RUNPATH_SEARCH_PATHS = (
					"$(inherited)",
					"@executable_path/Frameworks",
				);
				PRODUCT_BUNDLE_IDENTIFIER = com.Jiamingchou.ReciPlease;
				PRODUCT_NAME = "$(TARGET_NAME)";
				SWIFT_VERSION = 5.0;
				TARGETED_DEVICE_FAMILY = 1;
			};
			name = Debug;
		};
		4B865274251C294F00F2B4CA /* Release */ = {
			isa = XCBuildConfiguration;
			baseConfigurationReference = 89420004C8A4788CBA4DDE95 /* Pods-ReciPlease.release.xcconfig */;
			buildSettings = {
				ASSETCATALOG_COMPILER_APPICON_NAME = AppIcon;
				ASSETCATALOG_COMPILER_GLOBAL_ACCENT_COLOR_NAME = AccentColor;
				CODE_SIGN_STYLE = Automatic;
				DEVELOPMENT_TEAM = 5T84VHY5G4;
				INFOPLIST_FILE = ReciPlease/Info.plist;
				IPHONEOS_DEPLOYMENT_TARGET = 13.0;
				LD_RUNPATH_SEARCH_PATHS = (
					"$(inherited)",
					"@executable_path/Frameworks",
				);
				PRODUCT_BUNDLE_IDENTIFIER = com.Jiamingchou.ReciPlease;
				PRODUCT_NAME = "$(TARGET_NAME)";
				SWIFT_VERSION = 5.0;
				TARGETED_DEVICE_FAMILY = 1;
			};
			name = Release;
		};
/* End XCBuildConfiguration section */

/* Begin XCConfigurationList section */
		4B865259251C294C00F2B4CA /* Build configuration list for PBXProject "ReciPlease" */ = {
			isa = XCConfigurationList;
			buildConfigurations = (
				4B865270251C294F00F2B4CA /* Debug */,
				4B865271251C294F00F2B4CA /* Release */,
			);
			defaultConfigurationIsVisible = 0;
			defaultConfigurationName = Release;
		};
		4B865272251C294F00F2B4CA /* Build configuration list for PBXNativeTarget "ReciPlease" */ = {
			isa = XCConfigurationList;
			buildConfigurations = (
				4B865273251C294F00F2B4CA /* Debug */,
				4B865274251C294F00F2B4CA /* Release */,
			);
			defaultConfigurationIsVisible = 0;
			defaultConfigurationName = Release;
		};
/* End XCConfigurationList section */
	};
	rootObject = 4B865256251C294C00F2B4CA /* Project object */;
}
